// !$*UTF8*$!
{
	archiveVersion = 1;
	classes = {
	};
	objectVersion = 51;
	objects = {

/* Begin PBXBuildFile section */
		2EC72FACB2F5BA3087820866 /* Pods_MyApp.framework in Frameworks */ = {isa = PBXBuildFile; fileRef = 3DC17F2C6C7B72733B524DA9 /* Pods_MyApp.framework */; };
		69688C29CD42B465D81EEA3C /* Pods_MyAppTests.framework in Frameworks */ = {isa = PBXBuildFile; fileRef = 1C18D0861E3531D9597E4047 /* Pods_MyAppTests.framework */; };
		6A0D61EC1E72A7520EC6E804 /* Pods_MyApp_MyAppUITests.framework in Frameworks */ = {isa = PBXBuildFile; fileRef = 32233840AAE54DEDB9543D28 /* Pods_MyApp_MyAppUITests.framework */; };
		D32A029B25C0851E005F7856 /* StoreKit.framework in Frameworks */ = {isa = PBXBuildFile; fileRef = D32A029A25C0851E005F7856 /* StoreKit.framework */; };
		D32A02A525C0C212005F7856 /* UpgradeModalViewController.swift in Sources */ = {isa = PBXBuildFile; fileRef = D32A02A425C0C212005F7856 /* UpgradeModalViewController.swift */; };
		D32A02AE25C1C668005F7856 /* LoggedInCell.swift in Sources */ = {isa = PBXBuildFile; fileRef = D32A02AC25C1C668005F7856 /* LoggedInCell.swift */; };
		D32A02AF25C1C668005F7856 /* LoggedInCell.xib in Resources */ = {isa = PBXBuildFile; fileRef = D32A02AD25C1C668005F7856 /* LoggedInCell.xib */; };
		D32A02B525C3052C005F7856 /* SettingsCell.swift in Sources */ = {isa = PBXBuildFile; fileRef = D32A02B325C3052C005F7856 /* SettingsCell.swift */; };
		D32A02B625C3052C005F7856 /* SettingsCell.xib in Resources */ = {isa = PBXBuildFile; fileRef = D32A02B425C3052C005F7856 /* SettingsCell.xib */; };
		D32A02BB25C329B3005F7856 /* UserAccountViewController.swift in Sources */ = {isa = PBXBuildFile; fileRef = D32A02BA25C329B2005F7856 /* UserAccountViewController.swift */; };
		D35FF6AE25B8D0AE008910F2 /* KeychainItem.swift in Sources */ = {isa = PBXBuildFile; fileRef = D35FF6AD25B8D0AE008910F2 /* KeychainItem.swift */; };
		D363F63724F2E4B800533D54 /* LoginViewController.swift in Sources */ = {isa = PBXBuildFile; fileRef = D363F63624F2E4B800533D54 /* LoginViewController.swift */; };
		D363F63924F3094700533D54 /* Extension.swift in Sources */ = {isa = PBXBuildFile; fileRef = D363F63824F3094700533D54 /* Extension.swift */; };
		D363F63B24F3215F00533D54 /* RegisterViewController.swift in Sources */ = {isa = PBXBuildFile; fileRef = D363F63A24F3215F00533D54 /* RegisterViewController.swift */; };
		D37D48082517FF0300B23C6F /* LocationSearchTable.swift in Sources */ = {isa = PBXBuildFile; fileRef = D37D48072517FF0300B23C6F /* LocationSearchTable.swift */; };
		D39B8E3725A33819008DD46A /* Alert.swift in Sources */ = {isa = PBXBuildFile; fileRef = D39B8E3625A33819008DD46A /* Alert.swift */; };
		D39B8E4525A338B9008DD46A /* AlertCell.swift in Sources */ = {isa = PBXBuildFile; fileRef = D39B8E4325A338B9008DD46A /* AlertCell.swift */; };
		D39B8E4625A338B9008DD46A /* AlertCell.xib in Resources */ = {isa = PBXBuildFile; fileRef = D39B8E4425A338B9008DD46A /* AlertCell.xib */; };
		D39DB8A9259AC3FF006864AD /* NotesViewController.swift in Sources */ = {isa = PBXBuildFile; fileRef = D39DB8A8259AC3FF006864AD /* NotesViewController.swift */; };
		D39E8D3325D3484A007E3D80 /* ReportProblemViewController.swift in Sources */ = {isa = PBXBuildFile; fileRef = D39E8D3225D3484A007E3D80 /* ReportProblemViewController.swift */; };
		D39E8D3B25D34AD1007E3D80 /* TCViewController.swift in Sources */ = {isa = PBXBuildFile; fileRef = D39E8D3A25D34AD0007E3D80 /* TCViewController.swift */; };
		D39F48CB25025D7800B0F4D3 /* TripContentAddCell.swift in Sources */ = {isa = PBXBuildFile; fileRef = D39F48C925025D7800B0F4D3 /* TripContentAddCell.swift */; };
		D39F48CC25025D7800B0F4D3 /* TripContentAddCell.xib in Resources */ = {isa = PBXBuildFile; fileRef = D39F48CA25025D7800B0F4D3 /* TripContentAddCell.xib */; };
		D39F48CF2502612400B0F4D3 /* TripContentShowCell.swift in Sources */ = {isa = PBXBuildFile; fileRef = D39F48CD2502612400B0F4D3 /* TripContentShowCell.swift */; };
		D39F48D02502612400B0F4D3 /* TripContentShowCell.xib in Resources */ = {isa = PBXBuildFile; fileRef = D39F48CE2502612400B0F4D3 /* TripContentShowCell.xib */; };
		D3A1057F255DD227007810B9 /* TripVotedViewController.swift in Sources */ = {isa = PBXBuildFile; fileRef = D3A1057E255DD227007810B9 /* TripVotedViewController.swift */; };
		D3A891232503BDEC008A5D03 /* TripSection.swift in Sources */ = {isa = PBXBuildFile; fileRef = D3A891222503BDEC008A5D03 /* TripSection.swift */; };
		D3A89125250409F5008A5D03 /* TripCell.swift in Sources */ = {isa = PBXBuildFile; fileRef = D3A89124250409F5008A5D03 /* TripCell.swift */; };
		D3AD4C9225D2D90000650C4F /* AddParticipantsModalViewController.swift in Sources */ = {isa = PBXBuildFile; fileRef = D3AD4C9125D2D90000650C4F /* AddParticipantsModalViewController.swift */; };
		D3B587BD24FF096700BE1A4D /* TripContentViewController.swift in Sources */ = {isa = PBXBuildFile; fileRef = D3B587BC24FF096700BE1A4D /* TripContentViewController.swift */; };
		D3BC25E225BB52F200C42876 /* ChatTripCell.swift in Sources */ = {isa = PBXBuildFile; fileRef = D3BC25E025BB52F200C42876 /* ChatTripCell.swift */; };
		D3BC25E325BB52F200C42876 /* ChatTripCell.xib in Resources */ = {isa = PBXBuildFile; fileRef = D3BC25E125BB52F200C42876 /* ChatTripCell.xib */; };
		D3BC25E825BBA54F00C42876 /* StandardNewTripViewController.swift in Sources */ = {isa = PBXBuildFile; fileRef = D3BC25E725BBA54F00C42876 /* StandardNewTripViewController.swift */; };
		D3C06243251141C300034C93 /* TripContentAddNameCell.swift in Sources */ = {isa = PBXBuildFile; fileRef = D3C06241251141C300034C93 /* TripContentAddNameCell.swift */; };
		D3C06244251141C300034C93 /* TripContentAddNameCell.xib in Resources */ = {isa = PBXBuildFile; fileRef = D3C06242251141C300034C93 /* TripContentAddNameCell.xib */; };
		D3C47BC425D5D671008B7B63 /* GoogleService-Info.plist in Resources */ = {isa = PBXBuildFile; fileRef = D3C47BC325D5D671008B7B63 /* GoogleService-Info.plist */; };
		D3C47BC525D5D671008B7B63 /* GoogleService-Info.plist in Resources */ = {isa = PBXBuildFile; fileRef = D3C47BC325D5D671008B7B63 /* GoogleService-Info.plist */; };
		D3C47BC625D5D671008B7B63 /* GoogleService-Info.plist in Resources */ = {isa = PBXBuildFile; fileRef = D3C47BC325D5D671008B7B63 /* GoogleService-Info.plist */; };
		D3C5D81B25097EF2003BED82 /* NewTripAddParticipantsCell.swift in Sources */ = {isa = PBXBuildFile; fileRef = D3C5D81925097EF2003BED82 /* NewTripAddParticipantsCell.swift */; };
		D3C5D81C25097EF2003BED82 /* NewTripAddParticipantsCell.xib in Resources */ = {isa = PBXBuildFile; fileRef = D3C5D81A25097EF2003BED82 /* NewTripAddParticipantsCell.xib */; };
		D3C5D81F25098299003BED82 /* TripContentAddLocationCell.swift in Sources */ = {isa = PBXBuildFile; fileRef = D3C5D81D25098299003BED82 /* TripContentAddLocationCell.swift */; };
		D3C5D82025098299003BED82 /* TripContentAddLocationCell.xib in Resources */ = {isa = PBXBuildFile; fileRef = D3C5D81E25098299003BED82 /* TripContentAddLocationCell.xib */; };
		D3C5D82325098543003BED82 /* TripContentAddTuneCell.swift in Sources */ = {isa = PBXBuildFile; fileRef = D3C5D82125098543003BED82 /* TripContentAddTuneCell.swift */; };
		D3C5D82425098543003BED82 /* TripContentAddTuneCell.xib in Resources */ = {isa = PBXBuildFile; fileRef = D3C5D82225098543003BED82 /* TripContentAddTuneCell.xib */; };
		D3C5D827250985FA003BED82 /* TripContentAddStartDateCell.swift in Sources */ = {isa = PBXBuildFile; fileRef = D3C5D825250985FA003BED82 /* TripContentAddStartDateCell.swift */; };
		D3C5D828250985FA003BED82 /* TripContentAddStartDateCell.xib in Resources */ = {isa = PBXBuildFile; fileRef = D3C5D826250985FA003BED82 /* TripContentAddStartDateCell.xib */; };
		D3C5D82B25098616003BED82 /* TripContentAddEndDateCell.swift in Sources */ = {isa = PBXBuildFile; fileRef = D3C5D82925098616003BED82 /* TripContentAddEndDateCell.swift */; };
		D3C5D82C25098616003BED82 /* TripContentAddEndDateCell.xib in Resources */ = {isa = PBXBuildFile; fileRef = D3C5D82A25098616003BED82 /* TripContentAddEndDateCell.xib */; };
		D3CA959024F05A7E0096B64A /* AppDelegate.swift in Sources */ = {isa = PBXBuildFile; fileRef = D3CA958F24F05A7E0096B64A /* AppDelegate.swift */; };
		D3CA959224F05A7E0096B64A /* SceneDelegate.swift in Sources */ = {isa = PBXBuildFile; fileRef = D3CA959124F05A7E0096B64A /* SceneDelegate.swift */; };
		D3CA959424F05A7E0096B64A /* TripsViewController.swift in Sources */ = {isa = PBXBuildFile; fileRef = D3CA959324F05A7E0096B64A /* TripsViewController.swift */; };
		D3CA959624F05A7E0096B64A /* AlertsViewController.swift in Sources */ = {isa = PBXBuildFile; fileRef = D3CA959524F05A7E0096B64A /* AlertsViewController.swift */; };
		D3CA959924F05A7E0096B64A /* Main.storyboard in Resources */ = {isa = PBXBuildFile; fileRef = D3CA959724F05A7E0096B64A /* Main.storyboard */; };
		D3CA959C24F05A7E0096B64A /* MyApp.xcdatamodeld in Sources */ = {isa = PBXBuildFile; fileRef = D3CA959A24F05A7E0096B64A /* MyApp.xcdatamodeld */; };
		D3CA959E24F05A820096B64A /* Assets.xcassets in Resources */ = {isa = PBXBuildFile; fileRef = D3CA959D24F05A820096B64A /* Assets.xcassets */; };
		D3CA95A124F05A820096B64A /* LaunchScreen.storyboard in Resources */ = {isa = PBXBuildFile; fileRef = D3CA959F24F05A820096B64A /* LaunchScreen.storyboard */; };
		D3CA95AC24F05A820096B64A /* MyAppTests.swift in Sources */ = {isa = PBXBuildFile; fileRef = D3CA95AB24F05A820096B64A /* MyAppTests.swift */; };
		D3CA95B724F05A820096B64A /* MyAppUITests.swift in Sources */ = {isa = PBXBuildFile; fileRef = D3CA95B624F05A820096B64A /* MyAppUITests.swift */; };
		D3CA95C724F06A890096B64A /* ChatViewController.swift in Sources */ = {isa = PBXBuildFile; fileRef = D3CA95C624F06A890096B64A /* ChatViewController.swift */; };
		D3CA95C924F06B360096B64A /* SettingsViewController.swift in Sources */ = {isa = PBXBuildFile; fileRef = D3CA95C824F06B360096B64A /* SettingsViewController.swift */; };
		D3CDCD66251FC14C0063886F /* TripEventsListViewController.swift in Sources */ = {isa = PBXBuildFile; fileRef = D3CDCD65251FC14B0063886F /* TripEventsListViewController.swift */; };
		D3CDCD6C251FC1F60063886F /* TripEventCell.swift in Sources */ = {isa = PBXBuildFile; fileRef = D3CDCD6A251FC1F60063886F /* TripEventCell.swift */; };
		D3CDCD6D251FC1F60063886F /* TripEventCell.xib in Resources */ = {isa = PBXBuildFile; fileRef = D3CDCD6B251FC1F60063886F /* TripEventCell.xib */; };
		D3E5224524F6B2F100FD88F3 /* Message.swift in Sources */ = {isa = PBXBuildFile; fileRef = D3E5224424F6B2F100FD88F3 /* Message.swift */; };
		D3E5224724F6B46C00FD88F3 /* MessagesViewController.swift in Sources */ = {isa = PBXBuildFile; fileRef = D3E5224624F6B46C00FD88F3 /* MessagesViewController.swift */; };
		D3E52B6424F742C1009B8875 /* MessageCell.swift in Sources */ = {isa = PBXBuildFile; fileRef = D3E52B6224F742C1009B8875 /* MessageCell.swift */; };
		D3E52B6524F742C1009B8875 /* MessageCell.xib in Resources */ = {isa = PBXBuildFile; fileRef = D3E52B6324F742C1009B8875 /* MessageCell.xib */; };
		D3EAD757259D642A007C4B40 /* Location.swift in Sources */ = {isa = PBXBuildFile; fileRef = D3EAD756259D642A007C4B40 /* Location.swift */; };
		D3F0D28024F1994600A847C1 /* MainTabController.swift in Sources */ = {isa = PBXBuildFile; fileRef = D3F0D27F24F1994600A847C1 /* MainTabController.swift */; };
		D3F0D28224F1D63800A847C1 /* Trip.swift in Sources */ = {isa = PBXBuildFile; fileRef = D3F0D28124F1D63800A847C1 /* Trip.swift */; };
		D3F0D28724F26FFE00A847C1 /* TripCollectionViewCell.swift in Sources */ = {isa = PBXBuildFile; fileRef = D3F0D28624F26FFE00A847C1 /* TripCollectionViewCell.swift */; };
		D3F1AF3E2509007E00D4FC88 /* TripLocationViewController.swift in Sources */ = {isa = PBXBuildFile; fileRef = D3F1AF3D2509007E00D4FC88 /* TripLocationViewController.swift */; };
		D3F1AF402509009100D4FC88 /* TripEventsViewController.swift in Sources */ = {isa = PBXBuildFile; fileRef = D3F1AF3F2509009100D4FC88 /* TripEventsViewController.swift */; };
		D3F60E1025215A2500E7F91A /* TitleViewController.swift in Sources */ = {isa = PBXBuildFile; fileRef = D3F60E0F25215A2500E7F91A /* TitleViewController.swift */; };
		D3F60E1825216ACD00E7F91A /* NewTripViewController.swift in Sources */ = {isa = PBXBuildFile; fileRef = D3F60E1725216ACD00E7F91A /* NewTripViewController.swift */; };
		D3F60E3F2521FCA500E7F91A /* NewTripShowParticipantsCell.swift in Sources */ = {isa = PBXBuildFile; fileRef = D3F60E3D2521FCA500E7F91A /* NewTripShowParticipantsCell.swift */; };
		D3F60E402521FCA500E7F91A /* NewTripShowParticipantsCell.xib in Resources */ = {isa = PBXBuildFile; fileRef = D3F60E3E2521FCA500E7F91A /* NewTripShowParticipantsCell.xib */; };
		D3F60E52252219D700E7F91A /* BGCollectionViewCell.swift in Sources */ = {isa = PBXBuildFile; fileRef = D3F60E50252219D700E7F91A /* BGCollectionViewCell.swift */; };
		D3F60E53252219D700E7F91A /* BGCollectionViewCell.xib in Resources */ = {isa = PBXBuildFile; fileRef = D3F60E51252219D700E7F91A /* BGCollectionViewCell.xib */; };
		D3F6454C24F590E00075B5A5 /* StartViewController.swift in Sources */ = {isa = PBXBuildFile; fileRef = D3F6454B24F590E00075B5A5 /* StartViewController.swift */; };
		D3F6455124F5D16C0075B5A5 /* Constants.swift in Sources */ = {isa = PBXBuildFile; fileRef = D3F6455024F5D16C0075B5A5 /* Constants.swift */; };
/* End PBXBuildFile section */

/* Begin PBXContainerItemProxy section */
		D3CA95A824F05A820096B64A /* PBXContainerItemProxy */ = {
			isa = PBXContainerItemProxy;
			containerPortal = D3CA958424F05A7D0096B64A /* Project object */;
			proxyType = 1;
			remoteGlobalIDString = D3CA958B24F05A7E0096B64A;
			remoteInfo = MyApp;
		};
		D3CA95B324F05A820096B64A /* PBXContainerItemProxy */ = {
			isa = PBXContainerItemProxy;
			containerPortal = D3CA958424F05A7D0096B64A /* Project object */;
			proxyType = 1;
			remoteGlobalIDString = D3CA958B24F05A7E0096B64A;
			remoteInfo = MyApp;
		};
/* End PBXContainerItemProxy section */

/* Begin PBXFileReference section */
		1C18D0861E3531D9597E4047 /* Pods_MyAppTests.framework */ = {isa = PBXFileReference; explicitFileType = wrapper.framework; includeInIndex = 0; path = Pods_MyAppTests.framework; sourceTree = BUILT_PRODUCTS_DIR; };
		32233840AAE54DEDB9543D28 /* Pods_MyApp_MyAppUITests.framework */ = {isa = PBXFileReference; explicitFileType = wrapper.framework; includeInIndex = 0; path = Pods_MyApp_MyAppUITests.framework; sourceTree = BUILT_PRODUCTS_DIR; };
		3DC17F2C6C7B72733B524DA9 /* Pods_MyApp.framework */ = {isa = PBXFileReference; explicitFileType = wrapper.framework; includeInIndex = 0; path = Pods_MyApp.framework; sourceTree = BUILT_PRODUCTS_DIR; };
		7DB3FBF1D80C18986BFC082C /* Pods-MyApp-MyAppUITests.release.xcconfig */ = {isa = PBXFileReference; includeInIndex = 1; lastKnownFileType = text.xcconfig; name = "Pods-MyApp-MyAppUITests.release.xcconfig"; path = "Target Support Files/Pods-MyApp-MyAppUITests/Pods-MyApp-MyAppUITests.release.xcconfig"; sourceTree = "<group>"; };
		8B84AF3F09CBAFED84A39C42 /* Pods-MyApp.release.xcconfig */ = {isa = PBXFileReference; includeInIndex = 1; lastKnownFileType = text.xcconfig; name = "Pods-MyApp.release.xcconfig"; path = "Target Support Files/Pods-MyApp/Pods-MyApp.release.xcconfig"; sourceTree = "<group>"; };
		8C6CFBAD374833A8D5DF79B5 /* Pods-MyApp-MyAppUITests.debug.xcconfig */ = {isa = PBXFileReference; includeInIndex = 1; lastKnownFileType = text.xcconfig; name = "Pods-MyApp-MyAppUITests.debug.xcconfig"; path = "Target Support Files/Pods-MyApp-MyAppUITests/Pods-MyApp-MyAppUITests.debug.xcconfig"; sourceTree = "<group>"; };
		9DFFD1E90CE222C06DF9D0DD /* Pods-MyAppTests.release.xcconfig */ = {isa = PBXFileReference; includeInIndex = 1; lastKnownFileType = text.xcconfig; name = "Pods-MyAppTests.release.xcconfig"; path = "Target Support Files/Pods-MyAppTests/Pods-MyAppTests.release.xcconfig"; sourceTree = "<group>"; };
		BE84E492944BAFBA29F06521 /* Pods-MyApp.debug.xcconfig */ = {isa = PBXFileReference; includeInIndex = 1; lastKnownFileType = text.xcconfig; name = "Pods-MyApp.debug.xcconfig"; path = "Target Support Files/Pods-MyApp/Pods-MyApp.debug.xcconfig"; sourceTree = "<group>"; };
		D32A029A25C0851E005F7856 /* StoreKit.framework */ = {isa = PBXFileReference; lastKnownFileType = wrapper.framework; name = StoreKit.framework; path = System/Library/Frameworks/StoreKit.framework; sourceTree = SDKROOT; };
		D32A02A425C0C212005F7856 /* UpgradeModalViewController.swift */ = {isa = PBXFileReference; lastKnownFileType = sourcecode.swift; path = UpgradeModalViewController.swift; sourceTree = "<group>"; };
		D32A02AC25C1C668005F7856 /* LoggedInCell.swift */ = {isa = PBXFileReference; lastKnownFileType = sourcecode.swift; path = LoggedInCell.swift; sourceTree = "<group>"; };
		D32A02AD25C1C668005F7856 /* LoggedInCell.xib */ = {isa = PBXFileReference; lastKnownFileType = file.xib; path = LoggedInCell.xib; sourceTree = "<group>"; };
		D32A02B325C3052C005F7856 /* SettingsCell.swift */ = {isa = PBXFileReference; lastKnownFileType = sourcecode.swift; path = SettingsCell.swift; sourceTree = "<group>"; };
		D32A02B425C3052C005F7856 /* SettingsCell.xib */ = {isa = PBXFileReference; lastKnownFileType = file.xib; path = SettingsCell.xib; sourceTree = "<group>"; };
		D32A02BA25C329B2005F7856 /* UserAccountViewController.swift */ = {isa = PBXFileReference; lastKnownFileType = sourcecode.swift; path = UserAccountViewController.swift; sourceTree = "<group>"; };
		D35FF6A825B8A92F008910F2 /* MyApp.entitlements */ = {isa = PBXFileReference; lastKnownFileType = text.plist.entitlements; path = MyApp.entitlements; sourceTree = "<group>"; };
		D35FF6AD25B8D0AE008910F2 /* KeychainItem.swift */ = {isa = PBXFileReference; lastKnownFileType = sourcecode.swift; path = KeychainItem.swift; sourceTree = "<group>"; };
		D363F63624F2E4B800533D54 /* LoginViewController.swift */ = {isa = PBXFileReference; lastKnownFileType = sourcecode.swift; path = LoginViewController.swift; sourceTree = "<group>"; };
		D363F63824F3094700533D54 /* Extension.swift */ = {isa = PBXFileReference; lastKnownFileType = sourcecode.swift; path = Extension.swift; sourceTree = "<group>"; };
		D363F63A24F3215F00533D54 /* RegisterViewController.swift */ = {isa = PBXFileReference; lastKnownFileType = sourcecode.swift; path = RegisterViewController.swift; sourceTree = "<group>"; };
		D37D48072517FF0300B23C6F /* LocationSearchTable.swift */ = {isa = PBXFileReference; lastKnownFileType = sourcecode.swift; path = LocationSearchTable.swift; sourceTree = "<group>"; };
		D39B8E3625A33819008DD46A /* Alert.swift */ = {isa = PBXFileReference; lastKnownFileType = sourcecode.swift; path = Alert.swift; sourceTree = "<group>"; };
		D39B8E4325A338B9008DD46A /* AlertCell.swift */ = {isa = PBXFileReference; lastKnownFileType = sourcecode.swift; path = AlertCell.swift; sourceTree = "<group>"; };
		D39B8E4425A338B9008DD46A /* AlertCell.xib */ = {isa = PBXFileReference; lastKnownFileType = file.xib; path = AlertCell.xib; sourceTree = "<group>"; };
		D39DB8A8259AC3FF006864AD /* NotesViewController.swift */ = {isa = PBXFileReference; lastKnownFileType = sourcecode.swift; path = NotesViewController.swift; sourceTree = "<group>"; };
		D39E8D3225D3484A007E3D80 /* ReportProblemViewController.swift */ = {isa = PBXFileReference; lastKnownFileType = sourcecode.swift; path = ReportProblemViewController.swift; sourceTree = "<group>"; };
		D39E8D3A25D34AD0007E3D80 /* TCViewController.swift */ = {isa = PBXFileReference; lastKnownFileType = sourcecode.swift; path = TCViewController.swift; sourceTree = "<group>"; };
		D39F48C925025D7800B0F4D3 /* TripContentAddCell.swift */ = {isa = PBXFileReference; lastKnownFileType = sourcecode.swift; path = TripContentAddCell.swift; sourceTree = "<group>"; };
		D39F48CA25025D7800B0F4D3 /* TripContentAddCell.xib */ = {isa = PBXFileReference; lastKnownFileType = file.xib; path = TripContentAddCell.xib; sourceTree = "<group>"; };
		D39F48CD2502612400B0F4D3 /* TripContentShowCell.swift */ = {isa = PBXFileReference; lastKnownFileType = sourcecode.swift; path = TripContentShowCell.swift; sourceTree = "<group>"; };
		D39F48CE2502612400B0F4D3 /* TripContentShowCell.xib */ = {isa = PBXFileReference; lastKnownFileType = file.xib; path = TripContentShowCell.xib; sourceTree = "<group>"; };
		D3A1057E255DD227007810B9 /* TripVotedViewController.swift */ = {isa = PBXFileReference; lastKnownFileType = sourcecode.swift; path = TripVotedViewController.swift; sourceTree = "<group>"; };
		D3A891222503BDEC008A5D03 /* TripSection.swift */ = {isa = PBXFileReference; lastKnownFileType = sourcecode.swift; path = TripSection.swift; sourceTree = "<group>"; };
		D3A89124250409F5008A5D03 /* TripCell.swift */ = {isa = PBXFileReference; lastKnownFileType = sourcecode.swift; path = TripCell.swift; sourceTree = "<group>"; };
		D3AD4C9125D2D90000650C4F /* AddParticipantsModalViewController.swift */ = {isa = PBXFileReference; lastKnownFileType = sourcecode.swift; path = AddParticipantsModalViewController.swift; sourceTree = "<group>"; };
		D3B587BC24FF096700BE1A4D /* TripContentViewController.swift */ = {isa = PBXFileReference; lastKnownFileType = sourcecode.swift; path = TripContentViewController.swift; sourceTree = "<group>"; };
		D3BC25E025BB52F200C42876 /* ChatTripCell.swift */ = {isa = PBXFileReference; lastKnownFileType = sourcecode.swift; path = ChatTripCell.swift; sourceTree = "<group>"; };
		D3BC25E125BB52F200C42876 /* ChatTripCell.xib */ = {isa = PBXFileReference; lastKnownFileType = file.xib; path = ChatTripCell.xib; sourceTree = "<group>"; };
		D3BC25E725BBA54F00C42876 /* StandardNewTripViewController.swift */ = {isa = PBXFileReference; lastKnownFileType = sourcecode.swift; path = StandardNewTripViewController.swift; sourceTree = "<group>"; };
		D3C06241251141C300034C93 /* TripContentAddNameCell.swift */ = {isa = PBXFileReference; lastKnownFileType = sourcecode.swift; path = TripContentAddNameCell.swift; sourceTree = "<group>"; };
		D3C06242251141C300034C93 /* TripContentAddNameCell.xib */ = {isa = PBXFileReference; lastKnownFileType = file.xib; path = TripContentAddNameCell.xib; sourceTree = "<group>"; };
		D3C47BC325D5D671008B7B63 /* GoogleService-Info.plist */ = {isa = PBXFileReference; fileEncoding = 4; lastKnownFileType = text.plist.xml; path = "GoogleService-Info.plist"; sourceTree = "<group>"; };
		D3C5D81925097EF2003BED82 /* NewTripAddParticipantsCell.swift */ = {isa = PBXFileReference; lastKnownFileType = sourcecode.swift; path = NewTripAddParticipantsCell.swift; sourceTree = "<group>"; };
		D3C5D81A25097EF2003BED82 /* NewTripAddParticipantsCell.xib */ = {isa = PBXFileReference; lastKnownFileType = file.xib; path = NewTripAddParticipantsCell.xib; sourceTree = "<group>"; };
		D3C5D81D25098299003BED82 /* TripContentAddLocationCell.swift */ = {isa = PBXFileReference; lastKnownFileType = sourcecode.swift; path = TripContentAddLocationCell.swift; sourceTree = "<group>"; };
		D3C5D81E25098299003BED82 /* TripContentAddLocationCell.xib */ = {isa = PBXFileReference; lastKnownFileType = file.xib; path = TripContentAddLocationCell.xib; sourceTree = "<group>"; };
		D3C5D82125098543003BED82 /* TripContentAddTuneCell.swift */ = {isa = PBXFileReference; lastKnownFileType = sourcecode.swift; path = TripContentAddTuneCell.swift; sourceTree = "<group>"; };
		D3C5D82225098543003BED82 /* TripContentAddTuneCell.xib */ = {isa = PBXFileReference; lastKnownFileType = file.xib; path = TripContentAddTuneCell.xib; sourceTree = "<group>"; };
		D3C5D825250985FA003BED82 /* TripContentAddStartDateCell.swift */ = {isa = PBXFileReference; lastKnownFileType = sourcecode.swift; path = TripContentAddStartDateCell.swift; sourceTree = "<group>"; };
		D3C5D826250985FA003BED82 /* TripContentAddStartDateCell.xib */ = {isa = PBXFileReference; lastKnownFileType = file.xib; path = TripContentAddStartDateCell.xib; sourceTree = "<group>"; };
		D3C5D82925098616003BED82 /* TripContentAddEndDateCell.swift */ = {isa = PBXFileReference; lastKnownFileType = sourcecode.swift; path = TripContentAddEndDateCell.swift; sourceTree = "<group>"; };
		D3C5D82A25098616003BED82 /* TripContentAddEndDateCell.xib */ = {isa = PBXFileReference; lastKnownFileType = file.xib; path = TripContentAddEndDateCell.xib; sourceTree = "<group>"; };
		D3CA958C24F05A7E0096B64A /* MyApp.app */ = {isa = PBXFileReference; explicitFileType = wrapper.application; includeInIndex = 0; path = MyApp.app; sourceTree = BUILT_PRODUCTS_DIR; };
		D3CA958F24F05A7E0096B64A /* AppDelegate.swift */ = {isa = PBXFileReference; lastKnownFileType = sourcecode.swift; path = AppDelegate.swift; sourceTree = "<group>"; };
		D3CA959124F05A7E0096B64A /* SceneDelegate.swift */ = {isa = PBXFileReference; lastKnownFileType = sourcecode.swift; path = SceneDelegate.swift; sourceTree = "<group>"; };
		D3CA959324F05A7E0096B64A /* TripsViewController.swift */ = {isa = PBXFileReference; lastKnownFileType = sourcecode.swift; path = TripsViewController.swift; sourceTree = "<group>"; };
		D3CA959524F05A7E0096B64A /* AlertsViewController.swift */ = {isa = PBXFileReference; lastKnownFileType = sourcecode.swift; path = AlertsViewController.swift; sourceTree = "<group>"; };
		D3CA959824F05A7E0096B64A /* Base */ = {isa = PBXFileReference; lastKnownFileType = file.storyboard; name = Base; path = Base.lproj/Main.storyboard; sourceTree = "<group>"; };
		D3CA959B24F05A7E0096B64A /* MyApp.xcdatamodel */ = {isa = PBXFileReference; lastKnownFileType = wrapper.xcdatamodel; path = MyApp.xcdatamodel; sourceTree = "<group>"; };
		D3CA959D24F05A820096B64A /* Assets.xcassets */ = {isa = PBXFileReference; lastKnownFileType = folder.assetcatalog; path = Assets.xcassets; sourceTree = "<group>"; };
		D3CA95A024F05A820096B64A /* Base */ = {isa = PBXFileReference; lastKnownFileType = file.storyboard; name = Base; path = Base.lproj/LaunchScreen.storyboard; sourceTree = "<group>"; };
		D3CA95A224F05A820096B64A /* Info.plist */ = {isa = PBXFileReference; lastKnownFileType = text.plist.xml; path = Info.plist; sourceTree = "<group>"; };
		D3CA95A724F05A820096B64A /* MyAppTests.xctest */ = {isa = PBXFileReference; explicitFileType = wrapper.cfbundle; includeInIndex = 0; path = MyAppTests.xctest; sourceTree = BUILT_PRODUCTS_DIR; };
		D3CA95AB24F05A820096B64A /* MyAppTests.swift */ = {isa = PBXFileReference; lastKnownFileType = sourcecode.swift; path = MyAppTests.swift; sourceTree = "<group>"; };
		D3CA95AD24F05A820096B64A /* Info.plist */ = {isa = PBXFileReference; lastKnownFileType = text.plist.xml; path = Info.plist; sourceTree = "<group>"; };
		D3CA95B224F05A820096B64A /* MyAppUITests.xctest */ = {isa = PBXFileReference; explicitFileType = wrapper.cfbundle; includeInIndex = 0; path = MyAppUITests.xctest; sourceTree = BUILT_PRODUCTS_DIR; };
		D3CA95B624F05A820096B64A /* MyAppUITests.swift */ = {isa = PBXFileReference; lastKnownFileType = sourcecode.swift; path = MyAppUITests.swift; sourceTree = "<group>"; };
		D3CA95B824F05A820096B64A /* Info.plist */ = {isa = PBXFileReference; lastKnownFileType = text.plist.xml; path = Info.plist; sourceTree = "<group>"; };
		D3CA95C624F06A890096B64A /* ChatViewController.swift */ = {isa = PBXFileReference; lastKnownFileType = sourcecode.swift; path = ChatViewController.swift; sourceTree = "<group>"; };
		D3CA95C824F06B360096B64A /* SettingsViewController.swift */ = {isa = PBXFileReference; lastKnownFileType = sourcecode.swift; path = SettingsViewController.swift; sourceTree = "<group>"; };
		D3CDCD65251FC14B0063886F /* TripEventsListViewController.swift */ = {isa = PBXFileReference; lastKnownFileType = sourcecode.swift; path = TripEventsListViewController.swift; sourceTree = "<group>"; };
		D3CDCD6A251FC1F60063886F /* TripEventCell.swift */ = {isa = PBXFileReference; lastKnownFileType = sourcecode.swift; path = TripEventCell.swift; sourceTree = "<group>"; };
		D3CDCD6B251FC1F60063886F /* TripEventCell.xib */ = {isa = PBXFileReference; lastKnownFileType = file.xib; path = TripEventCell.xib; sourceTree = "<group>"; };
		D3E5224424F6B2F100FD88F3 /* Message.swift */ = {isa = PBXFileReference; lastKnownFileType = sourcecode.swift; path = Message.swift; sourceTree = "<group>"; };
		D3E5224624F6B46C00FD88F3 /* MessagesViewController.swift */ = {isa = PBXFileReference; lastKnownFileType = sourcecode.swift; path = MessagesViewController.swift; sourceTree = "<group>"; };
		D3E52B6224F742C1009B8875 /* MessageCell.swift */ = {isa = PBXFileReference; lastKnownFileType = sourcecode.swift; path = MessageCell.swift; sourceTree = "<group>"; };
		D3E52B6324F742C1009B8875 /* MessageCell.xib */ = {isa = PBXFileReference; lastKnownFileType = file.xib; path = MessageCell.xib; sourceTree = "<group>"; };
		D3EAD756259D642A007C4B40 /* Location.swift */ = {isa = PBXFileReference; lastKnownFileType = sourcecode.swift; path = Location.swift; sourceTree = "<group>"; };
		D3F0D27F24F1994600A847C1 /* MainTabController.swift */ = {isa = PBXFileReference; lastKnownFileType = sourcecode.swift; path = MainTabController.swift; sourceTree = "<group>"; };
		D3F0D28124F1D63800A847C1 /* Trip.swift */ = {isa = PBXFileReference; lastKnownFileType = sourcecode.swift; path = Trip.swift; sourceTree = "<group>"; };
		D3F0D28624F26FFE00A847C1 /* TripCollectionViewCell.swift */ = {isa = PBXFileReference; lastKnownFileType = sourcecode.swift; path = TripCollectionViewCell.swift; sourceTree = "<group>"; };
		D3F1AF3D2509007E00D4FC88 /* TripLocationViewController.swift */ = {isa = PBXFileReference; lastKnownFileType = sourcecode.swift; path = TripLocationViewController.swift; sourceTree = "<group>"; };
		D3F1AF3F2509009100D4FC88 /* TripEventsViewController.swift */ = {isa = PBXFileReference; lastKnownFileType = sourcecode.swift; path = TripEventsViewController.swift; sourceTree = "<group>"; };
		D3F60E0F25215A2500E7F91A /* TitleViewController.swift */ = {isa = PBXFileReference; lastKnownFileType = sourcecode.swift; path = TitleViewController.swift; sourceTree = "<group>"; };
		D3F60E1725216ACD00E7F91A /* NewTripViewController.swift */ = {isa = PBXFileReference; lastKnownFileType = sourcecode.swift; path = NewTripViewController.swift; sourceTree = "<group>"; };
		D3F60E3D2521FCA500E7F91A /* NewTripShowParticipantsCell.swift */ = {isa = PBXFileReference; lastKnownFileType = sourcecode.swift; path = NewTripShowParticipantsCell.swift; sourceTree = "<group>"; };
		D3F60E3E2521FCA500E7F91A /* NewTripShowParticipantsCell.xib */ = {isa = PBXFileReference; lastKnownFileType = file.xib; path = NewTripShowParticipantsCell.xib; sourceTree = "<group>"; };
		D3F60E50252219D700E7F91A /* BGCollectionViewCell.swift */ = {isa = PBXFileReference; lastKnownFileType = sourcecode.swift; path = BGCollectionViewCell.swift; sourceTree = "<group>"; };
		D3F60E51252219D700E7F91A /* BGCollectionViewCell.xib */ = {isa = PBXFileReference; lastKnownFileType = file.xib; path = BGCollectionViewCell.xib; sourceTree = "<group>"; };
		D3F6454B24F590E00075B5A5 /* StartViewController.swift */ = {isa = PBXFileReference; lastKnownFileType = sourcecode.swift; path = StartViewController.swift; sourceTree = "<group>"; };
		D3F6454F24F5BD4B0075B5A5 /* MyAppRelease.entitlements */ = {isa = PBXFileReference; lastKnownFileType = text.plist.entitlements; path = MyAppRelease.entitlements; sourceTree = "<group>"; };
		D3F6455024F5D16C0075B5A5 /* Constants.swift */ = {isa = PBXFileReference; lastKnownFileType = sourcecode.swift; path = Constants.swift; sourceTree = "<group>"; };
		DA3EE2260EE484401215D319 /* Pods-MyAppTests.debug.xcconfig */ = {isa = PBXFileReference; includeInIndex = 1; lastKnownFileType = text.xcconfig; name = "Pods-MyAppTests.debug.xcconfig"; path = "Target Support Files/Pods-MyAppTests/Pods-MyAppTests.debug.xcconfig"; sourceTree = "<group>"; };
/* End PBXFileReference section */

/* Begin PBXFrameworksBuildPhase section */
		D3CA958924F05A7E0096B64A /* Frameworks */ = {
			isa = PBXFrameworksBuildPhase;
			buildActionMask = 2147483647;
			files = (
				2EC72FACB2F5BA3087820866 /* Pods_MyApp.framework in Frameworks */,
				D32A029B25C0851E005F7856 /* StoreKit.framework in Frameworks */,
			);
			runOnlyForDeploymentPostprocessing = 0;
		};
		D3CA95A424F05A820096B64A /* Frameworks */ = {
			isa = PBXFrameworksBuildPhase;
			buildActionMask = 2147483647;
			files = (
				69688C29CD42B465D81EEA3C /* Pods_MyAppTests.framework in Frameworks */,
			);
			runOnlyForDeploymentPostprocessing = 0;
		};
		D3CA95AF24F05A820096B64A /* Frameworks */ = {
			isa = PBXFrameworksBuildPhase;
			buildActionMask = 2147483647;
			files = (
				6A0D61EC1E72A7520EC6E804 /* Pods_MyApp_MyAppUITests.framework in Frameworks */,
			);
			runOnlyForDeploymentPostprocessing = 0;
		};
/* End PBXFrameworksBuildPhase section */

/* Begin PBXGroup section */
		4796E6C7165043D5CBADC940 /* Frameworks */ = {
			isa = PBXGroup;
			children = (
				D32A029A25C0851E005F7856 /* StoreKit.framework */,
				3DC17F2C6C7B72733B524DA9 /* Pods_MyApp.framework */,
				32233840AAE54DEDB9543D28 /* Pods_MyApp_MyAppUITests.framework */,
				1C18D0861E3531D9597E4047 /* Pods_MyAppTests.framework */,
			);
			name = Frameworks;
			sourceTree = "<group>";
		};
		59F3CC9315270A5F384E0116 /* Pods */ = {
			isa = PBXGroup;
			children = (
				BE84E492944BAFBA29F06521 /* Pods-MyApp.debug.xcconfig */,
				8B84AF3F09CBAFED84A39C42 /* Pods-MyApp.release.xcconfig */,
				8C6CFBAD374833A8D5DF79B5 /* Pods-MyApp-MyAppUITests.debug.xcconfig */,
				7DB3FBF1D80C18986BFC082C /* Pods-MyApp-MyAppUITests.release.xcconfig */,
				DA3EE2260EE484401215D319 /* Pods-MyAppTests.debug.xcconfig */,
				9DFFD1E90CE222C06DF9D0DD /* Pods-MyAppTests.release.xcconfig */,
			);
			path = Pods;
			sourceTree = "<group>";
		};
		D35FF6AC25B8D078008910F2 /* Supporting files */ = {
			isa = PBXGroup;
			children = (
				D35FF6AD25B8D0AE008910F2 /* KeychainItem.swift */,
			);
			path = "Supporting files";
			sourceTree = "<group>";
		};
		D3CA958324F05A7D0096B64A = {
			isa = PBXGroup;
			children = (
				D3CA958E24F05A7E0096B64A /* MyApp */,
				D3CA95AA24F05A820096B64A /* MyAppTests */,
				D3CA95B524F05A820096B64A /* MyAppUITests */,
				D3CA958D24F05A7E0096B64A /* Products */,
				4796E6C7165043D5CBADC940 /* Frameworks */,
				59F3CC9315270A5F384E0116 /* Pods */,
			);
			sourceTree = "<group>";
		};
		D3CA958D24F05A7E0096B64A /* Products */ = {
			isa = PBXGroup;
			children = (
				D3CA958C24F05A7E0096B64A /* MyApp.app */,
				D3CA95A724F05A820096B64A /* MyAppTests.xctest */,
				D3CA95B224F05A820096B64A /* MyAppUITests.xctest */,
			);
			name = Products;
			sourceTree = "<group>";
		};
		D3CA958E24F05A7E0096B64A /* MyApp */ = {
			isa = PBXGroup;
			children = (
				D35FF6A825B8A92F008910F2 /* MyApp.entitlements */,
				D3F6454F24F5BD4B0075B5A5 /* MyAppRelease.entitlements */,
				D3CA958F24F05A7E0096B64A /* AppDelegate.swift */,
				D3CA959124F05A7E0096B64A /* SceneDelegate.swift */,
				D3F6455024F5D16C0075B5A5 /* Constants.swift */,
				D3F0D28324F1D7F000A847C1 /* Model */,
				D3F0D28424F1D7F800A847C1 /* View */,
				D3F0D28524F1D80500A847C1 /* Controller */,
				D3CA959D24F05A820096B64A /* Assets.xcassets */,
				D3C47BC325D5D671008B7B63 /* GoogleService-Info.plist */,
				D35FF6AC25B8D078008910F2 /* Supporting files */,
				D3CA959A24F05A7E0096B64A /* MyApp.xcdatamodeld */,
				D3CA959F24F05A820096B64A /* LaunchScreen.storyboard */,
				D3CA95A224F05A820096B64A /* Info.plist */,
			);
			path = MyApp;
			sourceTree = "<group>";
		};
		D3CA95AA24F05A820096B64A /* MyAppTests */ = {
			isa = PBXGroup;
			children = (
				D3CA95AB24F05A820096B64A /* MyAppTests.swift */,
				D3CA95AD24F05A820096B64A /* Info.plist */,
			);
			path = MyAppTests;
			sourceTree = "<group>";
		};
		D3CA95B524F05A820096B64A /* MyAppUITests */ = {
			isa = PBXGroup;
			children = (
				D3CA95B624F05A820096B64A /* MyAppUITests.swift */,
				D3CA95B824F05A820096B64A /* Info.plist */,
			);
			path = MyAppUITests;
			sourceTree = "<group>";
		};
		D3F0D28324F1D7F000A847C1 /* Model */ = {
			isa = PBXGroup;
			children = (
				D3F0D28124F1D63800A847C1 /* Trip.swift */,
				D3A891222503BDEC008A5D03 /* TripSection.swift */,
				D3A89124250409F5008A5D03 /* TripCell.swift */,
				D39B8E3625A33819008DD46A /* Alert.swift */,
				D3E5224424F6B2F100FD88F3 /* Message.swift */,
				D363F63824F3094700533D54 /* Extension.swift */,
				D3EAD756259D642A007C4B40 /* Location.swift */,
			);
			path = Model;
			sourceTree = "<group>";
		};
		D3F0D28424F1D7F800A847C1 /* View */ = {
			isa = PBXGroup;
			children = (
				D3CA959724F05A7E0096B64A /* Main.storyboard */,
				D3E52B6324F742C1009B8875 /* MessageCell.xib */,
				D3E52B6224F742C1009B8875 /* MessageCell.swift */,
				D3BC25E025BB52F200C42876 /* ChatTripCell.swift */,
				D3BC25E125BB52F200C42876 /* ChatTripCell.xib */,
				D32A02B325C3052C005F7856 /* SettingsCell.swift */,
				D32A02B425C3052C005F7856 /* SettingsCell.xib */,
				D32A02AC25C1C668005F7856 /* LoggedInCell.swift */,
				D32A02AD25C1C668005F7856 /* LoggedInCell.xib */,
				D39B8E4325A338B9008DD46A /* AlertCell.swift */,
				D39B8E4425A338B9008DD46A /* AlertCell.xib */,
				D3F0D28624F26FFE00A847C1 /* TripCollectionViewCell.swift */,
				D39F48CD2502612400B0F4D3 /* TripContentShowCell.swift */,
				D39F48CE2502612400B0F4D3 /* TripContentShowCell.xib */,
				D39F48C925025D7800B0F4D3 /* TripContentAddCell.swift */,
				D39F48CA25025D7800B0F4D3 /* TripContentAddCell.xib */,
				D3C06241251141C300034C93 /* TripContentAddNameCell.swift */,
				D3C06242251141C300034C93 /* TripContentAddNameCell.xib */,
				D3C5D81D25098299003BED82 /* TripContentAddLocationCell.swift */,
				D3C5D81E25098299003BED82 /* TripContentAddLocationCell.xib */,
				D3C5D82125098543003BED82 /* TripContentAddTuneCell.swift */,
				D3C5D82225098543003BED82 /* TripContentAddTuneCell.xib */,
				D3C5D825250985FA003BED82 /* TripContentAddStartDateCell.swift */,
				D3C5D826250985FA003BED82 /* TripContentAddStartDateCell.xib */,
				D3C5D82925098616003BED82 /* TripContentAddEndDateCell.swift */,
				D3C5D82A25098616003BED82 /* TripContentAddEndDateCell.xib */,
				D3CDCD6A251FC1F60063886F /* TripEventCell.swift */,
				D3CDCD6B251FC1F60063886F /* TripEventCell.xib */,
				D3C5D81925097EF2003BED82 /* NewTripAddParticipantsCell.swift */,
				D3C5D81A25097EF2003BED82 /* NewTripAddParticipantsCell.xib */,
				D3F60E3D2521FCA500E7F91A /* NewTripShowParticipantsCell.swift */,
				D3F60E3E2521FCA500E7F91A /* NewTripShowParticipantsCell.xib */,
				D3F60E50252219D700E7F91A /* BGCollectionViewCell.swift */,
				D3F60E51252219D700E7F91A /* BGCollectionViewCell.xib */,
			);
			path = View;
			sourceTree = "<group>";
		};
		D3F0D28524F1D80500A847C1 /* Controller */ = {
			isa = PBXGroup;
			children = (
				D3F60E0F25215A2500E7F91A /* TitleViewController.swift */,
				D363F63624F2E4B800533D54 /* LoginViewController.swift */,
				D363F63A24F3215F00533D54 /* RegisterViewController.swift */,
				D3CA959324F05A7E0096B64A /* TripsViewController.swift */,
				D3CA95C624F06A890096B64A /* ChatViewController.swift */,
				D3E5224624F6B46C00FD88F3 /* MessagesViewController.swift */,
				D3CA95C824F06B360096B64A /* SettingsViewController.swift */,
				D3F0D27F24F1994600A847C1 /* MainTabController.swift */,
				D3F6454B24F590E00075B5A5 /* StartViewController.swift */,
				D3B587BC24FF096700BE1A4D /* TripContentViewController.swift */,
				D3F1AF3D2509007E00D4FC88 /* TripLocationViewController.swift */,
				D3F1AF3F2509009100D4FC88 /* TripEventsViewController.swift */,
				D37D48072517FF0300B23C6F /* LocationSearchTable.swift */,
				D3CDCD65251FC14B0063886F /* TripEventsListViewController.swift */,
				D3A1057E255DD227007810B9 /* TripVotedViewController.swift */,
				D3F60E1725216ACD00E7F91A /* NewTripViewController.swift */,
				D39DB8A8259AC3FF006864AD /* NotesViewController.swift */,
				D3CA959524F05A7E0096B64A /* AlertsViewController.swift */,
				D3BC25E725BBA54F00C42876 /* StandardNewTripViewController.swift */,
				D32A02A425C0C212005F7856 /* UpgradeModalViewController.swift */,
				D39E8D3A25D34AD0007E3D80 /* TCViewController.swift */,
				D32A02BA25C329B2005F7856 /* UserAccountViewController.swift */,
				D3AD4C9125D2D90000650C4F /* AddParticipantsModalViewController.swift */,
				D39E8D3225D3484A007E3D80 /* ReportProblemViewController.swift */,
			);
			path = Controller;
			sourceTree = "<group>";
		};
/* End PBXGroup section */

/* Begin PBXNativeTarget section */
		D3CA958B24F05A7E0096B64A /* MyApp */ = {
			isa = PBXNativeTarget;
			buildConfigurationList = D3CA95BB24F05A820096B64A /* Build configuration list for PBXNativeTarget "MyApp" */;
			buildPhases = (
				34D7D30B257CBB1CF902F385 /* [CP] Check Pods Manifest.lock */,
				D3CA958824F05A7E0096B64A /* Sources */,
				D3CA958924F05A7E0096B64A /* Frameworks */,
				D3CA958A24F05A7E0096B64A /* Resources */,
				DE4C3E2425E30E79462F5FA7 /* [CP] Embed Pods Frameworks */,
			);
			buildRules = (
			);
			dependencies = (
			);
			name = MyApp;
			productName = MyApp;
			productReference = D3CA958C24F05A7E0096B64A /* MyApp.app */;
			productType = "com.apple.product-type.application";
		};
		D3CA95A624F05A820096B64A /* MyAppTests */ = {
			isa = PBXNativeTarget;
			buildConfigurationList = D3CA95BE24F05A820096B64A /* Build configuration list for PBXNativeTarget "MyAppTests" */;
			buildPhases = (
				82BB173B2B1FF4EAF663671E /* [CP] Check Pods Manifest.lock */,
				D3CA95A324F05A820096B64A /* Sources */,
				D3CA95A424F05A820096B64A /* Frameworks */,
				D3CA95A524F05A820096B64A /* Resources */,
			);
			buildRules = (
			);
			dependencies = (
				D3CA95A924F05A820096B64A /* PBXTargetDependency */,
			);
			name = MyAppTests;
			productName = MyAppTests;
			productReference = D3CA95A724F05A820096B64A /* MyAppTests.xctest */;
			productType = "com.apple.product-type.bundle.unit-test";
		};
		D3CA95B124F05A820096B64A /* MyAppUITests */ = {
			isa = PBXNativeTarget;
			buildConfigurationList = D3CA95C124F05A820096B64A /* Build configuration list for PBXNativeTarget "MyAppUITests" */;
			buildPhases = (
				73973678CE6EA7583A2B06FC /* [CP] Check Pods Manifest.lock */,
				D3CA95AE24F05A820096B64A /* Sources */,
				D3CA95AF24F05A820096B64A /* Frameworks */,
				D3CA95B024F05A820096B64A /* Resources */,
				58DEEFA872F332EC7327EB3C /* [CP] Embed Pods Frameworks */,
			);
			buildRules = (
			);
			dependencies = (
				D3CA95B424F05A820096B64A /* PBXTargetDependency */,
			);
			name = MyAppUITests;
			productName = MyAppUITests;
			productReference = D3CA95B224F05A820096B64A /* MyAppUITests.xctest */;
			productType = "com.apple.product-type.bundle.ui-testing";
		};
/* End PBXNativeTarget section */

/* Begin PBXProject section */
		D3CA958424F05A7D0096B64A /* Project object */ = {
			isa = PBXProject;
			attributes = {
				LastSwiftUpdateCheck = 1160;
				LastUpgradeCheck = 1200;
				ORGANIZATIONNAME = "Laura Ghiorghisor";
				TargetAttributes = {
					D3CA958B24F05A7E0096B64A = {
						CreatedOnToolsVersion = 11.6;
					};
					D3CA95A624F05A820096B64A = {
						CreatedOnToolsVersion = 11.6;
						TestTargetID = D3CA958B24F05A7E0096B64A;
					};
					D3CA95B124F05A820096B64A = {
						CreatedOnToolsVersion = 11.6;
						TestTargetID = D3CA958B24F05A7E0096B64A;
					};
				};
			};
			buildConfigurationList = D3CA958724F05A7E0096B64A /* Build configuration list for PBXProject "WANDERLUST" */;
			compatibilityVersion = "Xcode 9.3";
			developmentRegion = en;
			hasScannedForEncodings = 0;
			knownRegions = (
				en,
				Base,
			);
			mainGroup = D3CA958324F05A7D0096B64A;
			productRefGroup = D3CA958D24F05A7E0096B64A /* Products */;
			projectDirPath = "";
			projectRoot = "";
			targets = (
				D3CA958B24F05A7E0096B64A /* MyApp */,
				D3CA95A624F05A820096B64A /* MyAppTests */,
				D3CA95B124F05A820096B64A /* MyAppUITests */,
			);
		};
/* End PBXProject section */

/* Begin PBXResourcesBuildPhase section */
		D3CA958A24F05A7E0096B64A /* Resources */ = {
			isa = PBXResourcesBuildPhase;
			buildActionMask = 2147483647;
			files = (
				D3BC25E325BB52F200C42876 /* ChatTripCell.xib in Resources */,
				D3F60E402521FCA500E7F91A /* NewTripShowParticipantsCell.xib in Resources */,
				D39B8E4625A338B9008DD46A /* AlertCell.xib in Resources */,
				D3C5D81C25097EF2003BED82 /* NewTripAddParticipantsCell.xib in Resources */,
				D3E52B6524F742C1009B8875 /* MessageCell.xib in Resources */,
				D3C5D82C25098616003BED82 /* TripContentAddEndDateCell.xib in Resources */,
				D3C06244251141C300034C93 /* TripContentAddNameCell.xib in Resources */,
				D39F48D02502612400B0F4D3 /* TripContentShowCell.xib in Resources */,
				D32A02AF25C1C668005F7856 /* LoggedInCell.xib in Resources */,
				D3CA95A124F05A820096B64A /* LaunchScreen.storyboard in Resources */,
				D3C5D82025098299003BED82 /* TripContentAddLocationCell.xib in Resources */,
				D3CDCD6D251FC1F60063886F /* TripEventCell.xib in Resources */,
				D3F60E53252219D700E7F91A /* BGCollectionViewCell.xib in Resources */,
				D32A02B625C3052C005F7856 /* SettingsCell.xib in Resources */,
				D3C5D828250985FA003BED82 /* TripContentAddStartDateCell.xib in Resources */,
				D39F48CC25025D7800B0F4D3 /* TripContentAddCell.xib in Resources */,
				D3CA959E24F05A820096B64A /* Assets.xcassets in Resources */,
				D3C47BC425D5D671008B7B63 /* GoogleService-Info.plist in Resources */,
				D3C5D82425098543003BED82 /* TripContentAddTuneCell.xib in Resources */,
				D3CA959924F05A7E0096B64A /* Main.storyboard in Resources */,
			);
			runOnlyForDeploymentPostprocessing = 0;
		};
		D3CA95A524F05A820096B64A /* Resources */ = {
			isa = PBXResourcesBuildPhase;
			buildActionMask = 2147483647;
			files = (
				D3C47BC525D5D671008B7B63 /* GoogleService-Info.plist in Resources */,
			);
			runOnlyForDeploymentPostprocessing = 0;
		};
		D3CA95B024F05A820096B64A /* Resources */ = {
			isa = PBXResourcesBuildPhase;
			buildActionMask = 2147483647;
			files = (
				D3C47BC625D5D671008B7B63 /* GoogleService-Info.plist in Resources */,
			);
			runOnlyForDeploymentPostprocessing = 0;
		};
/* End PBXResourcesBuildPhase section */

/* Begin PBXShellScriptBuildPhase section */
		34D7D30B257CBB1CF902F385 /* [CP] Check Pods Manifest.lock */ = {
			isa = PBXShellScriptBuildPhase;
			buildActionMask = 2147483647;
			files = (
			);
			inputFileListPaths = (
			);
			inputPaths = (
				"${PODS_PODFILE_DIR_PATH}/Podfile.lock",
				"${PODS_ROOT}/Manifest.lock",
			);
			name = "[CP] Check Pods Manifest.lock";
			outputFileListPaths = (
			);
			outputPaths = (
				"$(DERIVED_FILE_DIR)/Pods-MyApp-checkManifestLockResult.txt",
			);
			runOnlyForDeploymentPostprocessing = 0;
			shellPath = /bin/sh;
			shellScript = "diff \"${PODS_PODFILE_DIR_PATH}/Podfile.lock\" \"${PODS_ROOT}/Manifest.lock\" > /dev/null\nif [ $? != 0 ] ; then\n    # print error to STDERR\n    echo \"error: The sandbox is not in sync with the Podfile.lock. Run 'pod install' or update your CocoaPods installation.\" >&2\n    exit 1\nfi\n# This output is used by Xcode 'outputs' to avoid re-running this script phase.\necho \"SUCCESS\" > \"${SCRIPT_OUTPUT_FILE_0}\"\n";
			showEnvVarsInLog = 0;
		};
		58DEEFA872F332EC7327EB3C /* [CP] Embed Pods Frameworks */ = {
			isa = PBXShellScriptBuildPhase;
			buildActionMask = 2147483647;
			files = (
			);
			inputFileListPaths = (
				"${PODS_ROOT}/Target Support Files/Pods-MyApp-MyAppUITests/Pods-MyApp-MyAppUITests-frameworks-${CONFIGURATION}-input-files.xcfilelist",
			);
			name = "[CP] Embed Pods Frameworks";
			outputFileListPaths = (
				"${PODS_ROOT}/Target Support Files/Pods-MyApp-MyAppUITests/Pods-MyApp-MyAppUITests-frameworks-${CONFIGURATION}-output-files.xcfilelist",
			);
			runOnlyForDeploymentPostprocessing = 0;
			shellPath = /bin/sh;
			shellScript = "\"${PODS_ROOT}/Target Support Files/Pods-MyApp-MyAppUITests/Pods-MyApp-MyAppUITests-frameworks.sh\"\n";
			showEnvVarsInLog = 0;
		};
		73973678CE6EA7583A2B06FC /* [CP] Check Pods Manifest.lock */ = {
			isa = PBXShellScriptBuildPhase;
			buildActionMask = 2147483647;
			files = (
			);
			inputFileListPaths = (
			);
			inputPaths = (
				"${PODS_PODFILE_DIR_PATH}/Podfile.lock",
				"${PODS_ROOT}/Manifest.lock",
			);
			name = "[CP] Check Pods Manifest.lock";
			outputFileListPaths = (
			);
			outputPaths = (
				"$(DERIVED_FILE_DIR)/Pods-MyApp-MyAppUITests-checkManifestLockResult.txt",
			);
			runOnlyForDeploymentPostprocessing = 0;
			shellPath = /bin/sh;
			shellScript = "diff \"${PODS_PODFILE_DIR_PATH}/Podfile.lock\" \"${PODS_ROOT}/Manifest.lock\" > /dev/null\nif [ $? != 0 ] ; then\n    # print error to STDERR\n    echo \"error: The sandbox is not in sync with the Podfile.lock. Run 'pod install' or update your CocoaPods installation.\" >&2\n    exit 1\nfi\n# This output is used by Xcode 'outputs' to avoid re-running this script phase.\necho \"SUCCESS\" > \"${SCRIPT_OUTPUT_FILE_0}\"\n";
			showEnvVarsInLog = 0;
		};
		82BB173B2B1FF4EAF663671E /* [CP] Check Pods Manifest.lock */ = {
			isa = PBXShellScriptBuildPhase;
			buildActionMask = 2147483647;
			files = (
			);
			inputFileListPaths = (
			);
			inputPaths = (
				"${PODS_PODFILE_DIR_PATH}/Podfile.lock",
				"${PODS_ROOT}/Manifest.lock",
			);
			name = "[CP] Check Pods Manifest.lock";
			outputFileListPaths = (
			);
			outputPaths = (
				"$(DERIVED_FILE_DIR)/Pods-MyAppTests-checkManifestLockResult.txt",
			);
			runOnlyForDeploymentPostprocessing = 0;
			shellPath = /bin/sh;
			shellScript = "diff \"${PODS_PODFILE_DIR_PATH}/Podfile.lock\" \"${PODS_ROOT}/Manifest.lock\" > /dev/null\nif [ $? != 0 ] ; then\n    # print error to STDERR\n    echo \"error: The sandbox is not in sync with the Podfile.lock. Run 'pod install' or update your CocoaPods installation.\" >&2\n    exit 1\nfi\n# This output is used by Xcode 'outputs' to avoid re-running this script phase.\necho \"SUCCESS\" > \"${SCRIPT_OUTPUT_FILE_0}\"\n";
			showEnvVarsInLog = 0;
		};
		DE4C3E2425E30E79462F5FA7 /* [CP] Embed Pods Frameworks */ = {
			isa = PBXShellScriptBuildPhase;
			buildActionMask = 2147483647;
			files = (
			);
			inputFileListPaths = (
				"${PODS_ROOT}/Target Support Files/Pods-MyApp/Pods-MyApp-frameworks-${CONFIGURATION}-input-files.xcfilelist",
			);
			name = "[CP] Embed Pods Frameworks";
			outputFileListPaths = (
				"${PODS_ROOT}/Target Support Files/Pods-MyApp/Pods-MyApp-frameworks-${CONFIGURATION}-output-files.xcfilelist",
			);
			runOnlyForDeploymentPostprocessing = 0;
			shellPath = /bin/sh;
			shellScript = "\"${PODS_ROOT}/Target Support Files/Pods-MyApp/Pods-MyApp-frameworks.sh\"\n";
			showEnvVarsInLog = 0;
		};
/* End PBXShellScriptBuildPhase section */

/* Begin PBXSourcesBuildPhase section */
		D3CA958824F05A7E0096B64A /* Sources */ = {
			isa = PBXSourcesBuildPhase;
			buildActionMask = 2147483647;
			files = (
				D3A891232503BDEC008A5D03 /* TripSection.swift in Sources */,
				D3C5D827250985FA003BED82 /* TripContentAddStartDateCell.swift in Sources */,
				D3AD4C9225D2D90000650C4F /* AddParticipantsModalViewController.swift in Sources */,
				D3C5D82325098543003BED82 /* TripContentAddTuneCell.swift in Sources */,
				D3CA959624F05A7E0096B64A /* AlertsViewController.swift in Sources */,
				D3F60E3F2521FCA500E7F91A /* NewTripShowParticipantsCell.swift in Sources */,
				D3F6454C24F590E00075B5A5 /* StartViewController.swift in Sources */,
				D32A02AE25C1C668005F7856 /* LoggedInCell.swift in Sources */,
				D39B8E3725A33819008DD46A /* Alert.swift in Sources */,
				D39E8D3B25D34AD1007E3D80 /* TCViewController.swift in Sources */,
				D3CDCD66251FC14C0063886F /* TripEventsListViewController.swift in Sources */,
				D3F60E1825216ACD00E7F91A /* NewTripViewController.swift in Sources */,
				D3A1057F255DD227007810B9 /* TripVotedViewController.swift in Sources */,
				D3CA959C24F05A7E0096B64A /* MyApp.xcdatamodeld in Sources */,
				D3E5224724F6B46C00FD88F3 /* MessagesViewController.swift in Sources */,
				D3CA95C924F06B360096B64A /* SettingsViewController.swift in Sources */,
				D32A02A525C0C212005F7856 /* UpgradeModalViewController.swift in Sources */,
				D363F63924F3094700533D54 /* Extension.swift in Sources */,
				D3CDCD6C251FC1F60063886F /* TripEventCell.swift in Sources */,
				D3F6455124F5D16C0075B5A5 /* Constants.swift in Sources */,
				D35FF6AE25B8D0AE008910F2 /* KeychainItem.swift in Sources */,
				D39F48CB25025D7800B0F4D3 /* TripContentAddCell.swift in Sources */,
				D3F0D28724F26FFE00A847C1 /* TripCollectionViewCell.swift in Sources */,
				D32A02B525C3052C005F7856 /* SettingsCell.swift in Sources */,
				D3F0D28224F1D63800A847C1 /* Trip.swift in Sources */,
				D3C5D82B25098616003BED82 /* TripContentAddEndDateCell.swift in Sources */,
				D3E52B6424F742C1009B8875 /* MessageCell.swift in Sources */,
				D3CA959424F05A7E0096B64A /* TripsViewController.swift in Sources */,
				D3F0D28024F1994600A847C1 /* MainTabController.swift in Sources */,
				D3C5D81F25098299003BED82 /* TripContentAddLocationCell.swift in Sources */,
				D3CA959024F05A7E0096B64A /* AppDelegate.swift in Sources */,
				D3A89125250409F5008A5D03 /* TripCell.swift in Sources */,
				D3F1AF3E2509007E00D4FC88 /* TripLocationViewController.swift in Sources */,
				D3F60E1025215A2500E7F91A /* TitleViewController.swift in Sources */,
				D3C5D81B25097EF2003BED82 /* NewTripAddParticipantsCell.swift in Sources */,
				D3CA95C724F06A890096B64A /* ChatViewController.swift in Sources */,
				D363F63B24F3215F00533D54 /* RegisterViewController.swift in Sources */,
				D32A02BB25C329B3005F7856 /* UserAccountViewController.swift in Sources */,
				D3E5224524F6B2F100FD88F3 /* Message.swift in Sources */,
				D3F1AF402509009100D4FC88 /* TripEventsViewController.swift in Sources */,
				D3C06243251141C300034C93 /* TripContentAddNameCell.swift in Sources */,
				D39E8D3325D3484A007E3D80 /* ReportProblemViewController.swift in Sources */,
				D3CA959224F05A7E0096B64A /* SceneDelegate.swift in Sources */,
				D39F48CF2502612400B0F4D3 /* TripContentShowCell.swift in Sources */,
				D37D48082517FF0300B23C6F /* LocationSearchTable.swift in Sources */,
				D39DB8A9259AC3FF006864AD /* NotesViewController.swift in Sources */,
				D3BC25E225BB52F200C42876 /* ChatTripCell.swift in Sources */,
				D39B8E4525A338B9008DD46A /* AlertCell.swift in Sources */,
				D3EAD757259D642A007C4B40 /* Location.swift in Sources */,
				D3F60E52252219D700E7F91A /* BGCollectionViewCell.swift in Sources */,
				D363F63724F2E4B800533D54 /* LoginViewController.swift in Sources */,
				D3B587BD24FF096700BE1A4D /* TripContentViewController.swift in Sources */,
				D3BC25E825BBA54F00C42876 /* StandardNewTripViewController.swift in Sources */,
			);
			runOnlyForDeploymentPostprocessing = 0;
		};
		D3CA95A324F05A820096B64A /* Sources */ = {
			isa = PBXSourcesBuildPhase;
			buildActionMask = 2147483647;
			files = (
				D3CA95AC24F05A820096B64A /* MyAppTests.swift in Sources */,
			);
			runOnlyForDeploymentPostprocessing = 0;
		};
		D3CA95AE24F05A820096B64A /* Sources */ = {
			isa = PBXSourcesBuildPhase;
			buildActionMask = 2147483647;
			files = (
				D3CA95B724F05A820096B64A /* MyAppUITests.swift in Sources */,
			);
			runOnlyForDeploymentPostprocessing = 0;
		};
/* End PBXSourcesBuildPhase section */

/* Begin PBXTargetDependency section */
		D3CA95A924F05A820096B64A /* PBXTargetDependency */ = {
			isa = PBXTargetDependency;
			target = D3CA958B24F05A7E0096B64A /* MyApp */;
			targetProxy = D3CA95A824F05A820096B64A /* PBXContainerItemProxy */;
		};
		D3CA95B424F05A820096B64A /* PBXTargetDependency */ = {
			isa = PBXTargetDependency;
			target = D3CA958B24F05A7E0096B64A /* MyApp */;
			targetProxy = D3CA95B324F05A820096B64A /* PBXContainerItemProxy */;
		};
/* End PBXTargetDependency section */

/* Begin PBXVariantGroup section */
		D3CA959724F05A7E0096B64A /* Main.storyboard */ = {
			isa = PBXVariantGroup;
			children = (
				D3CA959824F05A7E0096B64A /* Base */,
			);
			name = Main.storyboard;
			sourceTree = "<group>";
		};
		D3CA959F24F05A820096B64A /* LaunchScreen.storyboard */ = {
			isa = PBXVariantGroup;
			children = (
				D3CA95A024F05A820096B64A /* Base */,
			);
			name = LaunchScreen.storyboard;
			sourceTree = "<group>";
		};
/* End PBXVariantGroup section */

/* Begin XCBuildConfiguration section */
		D3CA95B924F05A820096B64A /* Debug */ = {
			isa = XCBuildConfiguration;
			buildSettings = {
				ALWAYS_SEARCH_USER_PATHS = NO;
				CLANG_ANALYZER_NONNULL = YES;
				CLANG_ANALYZER_NUMBER_OBJECT_CONVERSION = YES_AGGRESSIVE;
				CLANG_CXX_LANGUAGE_STANDARD = "gnu++14";
				CLANG_CXX_LIBRARY = "libc++";
				CLANG_ENABLE_MODULES = YES;
				CLANG_ENABLE_OBJC_ARC = YES;
				CLANG_ENABLE_OBJC_WEAK = YES;
				CLANG_WARN_BLOCK_CAPTURE_AUTORELEASING = YES;
				CLANG_WARN_BOOL_CONVERSION = YES;
				CLANG_WARN_COMMA = YES;
				CLANG_WARN_CONSTANT_CONVERSION = YES;
				CLANG_WARN_DEPRECATED_OBJC_IMPLEMENTATIONS = YES;
				CLANG_WARN_DIRECT_OBJC_ISA_USAGE = YES_ERROR;
				CLANG_WARN_DOCUMENTATION_COMMENTS = YES;
				CLANG_WARN_EMPTY_BODY = YES;
				CLANG_WARN_ENUM_CONVERSION = YES;
				CLANG_WARN_INFINITE_RECURSION = YES;
				CLANG_WARN_INT_CONVERSION = YES;
				CLANG_WARN_NON_LITERAL_NULL_CONVERSION = YES;
				CLANG_WARN_OBJC_IMPLICIT_RETAIN_SELF = YES;
				CLANG_WARN_OBJC_LITERAL_CONVERSION = YES;
				CLANG_WARN_OBJC_ROOT_CLASS = YES_ERROR;
				CLANG_WARN_QUOTED_INCLUDE_IN_FRAMEWORK_HEADER = YES;
				CLANG_WARN_RANGE_LOOP_ANALYSIS = YES;
				CLANG_WARN_STRICT_PROTOTYPES = YES;
				CLANG_WARN_SUSPICIOUS_MOVE = YES;
				CLANG_WARN_UNGUARDED_AVAILABILITY = YES_AGGRESSIVE;
				CLANG_WARN_UNREACHABLE_CODE = YES;
				CLANG_WARN__DUPLICATE_METHOD_MATCH = YES;
				COPY_PHASE_STRIP = NO;
				DEBUG_INFORMATION_FORMAT = dwarf;
				ENABLE_STRICT_OBJC_MSGSEND = YES;
				ENABLE_TESTABILITY = YES;
				GCC_C_LANGUAGE_STANDARD = gnu11;
				GCC_DYNAMIC_NO_PIC = NO;
				GCC_NO_COMMON_BLOCKS = YES;
				GCC_OPTIMIZATION_LEVEL = 0;
				GCC_PREPROCESSOR_DEFINITIONS = (
					"DEBUG=1",
					"$(inherited)",
				);
				GCC_WARN_64_TO_32_BIT_CONVERSION = YES;
				GCC_WARN_ABOUT_RETURN_TYPE = YES_ERROR;
				GCC_WARN_UNDECLARED_SELECTOR = YES;
				GCC_WARN_UNINITIALIZED_AUTOS = YES_AGGRESSIVE;
				GCC_WARN_UNUSED_FUNCTION = YES;
				GCC_WARN_UNUSED_VARIABLE = YES;
				IPHONEOS_DEPLOYMENT_TARGET = 13.0;
				MTL_ENABLE_DEBUG_INFO = INCLUDE_SOURCE;
				MTL_FAST_MATH = YES;
				ONLY_ACTIVE_ARCH = YES;
				SDKROOT = iphoneos;
				SWIFT_ACTIVE_COMPILATION_CONDITIONS = DEBUG;
				SWIFT_OPTIMIZATION_LEVEL = "-Onone";
			};
			name = Debug;
		};
		D3CA95BA24F05A820096B64A /* Release */ = {
			isa = XCBuildConfiguration;
			buildSettings = {
				ALWAYS_SEARCH_USER_PATHS = NO;
				CLANG_ANALYZER_NONNULL = YES;
				CLANG_ANALYZER_NUMBER_OBJECT_CONVERSION = YES_AGGRESSIVE;
				CLANG_CXX_LANGUAGE_STANDARD = "gnu++14";
				CLANG_CXX_LIBRARY = "libc++";
				CLANG_ENABLE_MODULES = YES;
				CLANG_ENABLE_OBJC_ARC = YES;
				CLANG_ENABLE_OBJC_WEAK = YES;
				CLANG_WARN_BLOCK_CAPTURE_AUTORELEASING = YES;
				CLANG_WARN_BOOL_CONVERSION = YES;
				CLANG_WARN_COMMA = YES;
				CLANG_WARN_CONSTANT_CONVERSION = YES;
				CLANG_WARN_DEPRECATED_OBJC_IMPLEMENTATIONS = YES;
				CLANG_WARN_DIRECT_OBJC_ISA_USAGE = YES_ERROR;
				CLANG_WARN_DOCUMENTATION_COMMENTS = YES;
				CLANG_WARN_EMPTY_BODY = YES;
				CLANG_WARN_ENUM_CONVERSION = YES;
				CLANG_WARN_INFINITE_RECURSION = YES;
				CLANG_WARN_INT_CONVERSION = YES;
				CLANG_WARN_NON_LITERAL_NULL_CONVERSION = YES;
				CLANG_WARN_OBJC_IMPLICIT_RETAIN_SELF = YES;
				CLANG_WARN_OBJC_LITERAL_CONVERSION = YES;
				CLANG_WARN_OBJC_ROOT_CLASS = YES_ERROR;
				CLANG_WARN_QUOTED_INCLUDE_IN_FRAMEWORK_HEADER = YES;
				CLANG_WARN_RANGE_LOOP_ANALYSIS = YES;
				CLANG_WARN_STRICT_PROTOTYPES = YES;
				CLANG_WARN_SUSPICIOUS_MOVE = YES;
				CLANG_WARN_UNGUARDED_AVAILABILITY = YES_AGGRESSIVE;
				CLANG_WARN_UNREACHABLE_CODE = YES;
				CLANG_WARN__DUPLICATE_METHOD_MATCH = YES;
				COPY_PHASE_STRIP = NO;
				DEBUG_INFORMATION_FORMAT = "dwarf-with-dsym";
				ENABLE_NS_ASSERTIONS = NO;
				ENABLE_STRICT_OBJC_MSGSEND = YES;
				GCC_C_LANGUAGE_STANDARD = gnu11;
				GCC_NO_COMMON_BLOCKS = YES;
				GCC_WARN_64_TO_32_BIT_CONVERSION = YES;
				GCC_WARN_ABOUT_RETURN_TYPE = YES_ERROR;
				GCC_WARN_UNDECLARED_SELECTOR = YES;
				GCC_WARN_UNINITIALIZED_AUTOS = YES_AGGRESSIVE;
				GCC_WARN_UNUSED_FUNCTION = YES;
				GCC_WARN_UNUSED_VARIABLE = YES;
				IPHONEOS_DEPLOYMENT_TARGET = 13.0;
				MTL_ENABLE_DEBUG_INFO = NO;
				MTL_FAST_MATH = YES;
				SDKROOT = iphoneos;
				SWIFT_COMPILATION_MODE = wholemodule;
				SWIFT_OPTIMIZATION_LEVEL = "-O";
				VALIDATE_PRODUCT = YES;
			};
			name = Release;
		};
		D3CA95BC24F05A820096B64A /* Debug */ = {
			isa = XCBuildConfiguration;
			baseConfigurationReference = BE84E492944BAFBA29F06521 /* Pods-MyApp.debug.xcconfig */;
			buildSettings = {
				ALWAYS_EMBED_SWIFT_STANDARD_LIBRARIES = "$(inherited)";
				ALWAYS_SEARCH_USER_PATHS = NO;
				ASSETCATALOG_COMPILER_APPICON_NAME = AppIcon;
				CODE_SIGN_ENTITLEMENTS = MyApp/MyApp.entitlements;
				CODE_SIGN_STYLE = Automatic;
				CURRENT_PROJECT_VERSION = 2;
				DEVELOPMENT_TEAM = 5Z3L7XJ54X;
				INFOPLIST_FILE = MyApp/Info.plist;
				LD_RUNPATH_SEARCH_PATHS = (
					"$(inherited)",
					"@executable_path/Frameworks",
				);
				PRODUCT_BUNDLE_IDENTIFIER = com.lauraghiorghisor.wanderlust2;
				PRODUCT_NAME = "$(TARGET_NAME)";
				SWIFT_VERSION = 5.0;
				TARGETED_DEVICE_FAMILY = "1,2";
			};
			name = Debug;
		};
		D3CA95BD24F05A820096B64A /* Release */ = {
			isa = XCBuildConfiguration;
			baseConfigurationReference = 8B84AF3F09CBAFED84A39C42 /* Pods-MyApp.release.xcconfig */;
			buildSettings = {
				ALWAYS_EMBED_SWIFT_STANDARD_LIBRARIES = "$(inherited)";
				ALWAYS_SEARCH_USER_PATHS = NO;
				ASSETCATALOG_COMPILER_APPICON_NAME = AppIcon;
				CODE_SIGN_ENTITLEMENTS = MyApp/MyAppRelease.entitlements;
				CODE_SIGN_STYLE = Automatic;
				CURRENT_PROJECT_VERSION = 2;
				DEVELOPMENT_TEAM = 5Z3L7XJ54X;
				INFOPLIST_FILE = MyApp/Info.plist;
				LD_RUNPATH_SEARCH_PATHS = (
					"$(inherited)",
					"@executable_path/Frameworks",
				);
				PRODUCT_BUNDLE_IDENTIFIER = com.lauraghiorghisor.wanderlust2;
				PRODUCT_NAME = "$(TARGET_NAME)";
				SWIFT_VERSION = 5.0;
				TARGETED_DEVICE_FAMILY = "1,2";
			};
			name = Release;
		};
		D3CA95BF24F05A820096B64A /* Debug */ = {
			isa = XCBuildConfiguration;
			baseConfigurationReference = DA3EE2260EE484401215D319 /* Pods-MyAppTests.debug.xcconfig */;
			buildSettings = {
				ALWAYS_EMBED_SWIFT_STANDARD_LIBRARIES = YES;
				BUNDLE_LOADER = "$(TEST_HOST)";
				"CODE_SIGN_IDENTITY[sdk=macosx*]" = "Apple Development";
				CODE_SIGN_STYLE = Automatic;
				DEVELOPMENT_TEAM = 5Z3L7XJ54X;
				INFOPLIST_FILE = MyAppTests/Info.plist;
				IPHONEOS_DEPLOYMENT_TARGET = 13.0;
				LD_RUNPATH_SEARCH_PATHS = (
					"$(inherited)",
					"@executable_path/Frameworks",
					"@loader_path/Frameworks",
				);
				PRODUCT_BUNDLE_IDENTIFIER = com.lauraghiorghisor.UNo.MyAppTests;
				PRODUCT_NAME = "$(TARGET_NAME)";
				SWIFT_VERSION = 5.0;
				TARGETED_DEVICE_FAMILY = "1,2";
				TEST_HOST = "$(BUILT_PRODUCTS_DIR)/MyApp.app/MyApp";
			};
			name = Debug;
		};
		D3CA95C024F05A820096B64A /* Release */ = {
			isa = XCBuildConfiguration;
			baseConfigurationReference = 9DFFD1E90CE222C06DF9D0DD /* Pods-MyAppTests.release.xcconfig */;
			buildSettings = {
				ALWAYS_EMBED_SWIFT_STANDARD_LIBRARIES = YES;
				BUNDLE_LOADER = "$(TEST_HOST)";
				"CODE_SIGN_IDENTITY[sdk=macosx*]" = "Apple Development";
				CODE_SIGN_STYLE = Automatic;
				DEVELOPMENT_TEAM = 5Z3L7XJ54X;
				INFOPLIST_FILE = MyAppTests/Info.plist;
				IPHONEOS_DEPLOYMENT_TARGET = 13.0;
				LD_RUNPATH_SEARCH_PATHS = (
					"$(inherited)",
					"@executable_path/Frameworks",
					"@loader_path/Frameworks",
				);
				PRODUCT_BUNDLE_IDENTIFIER = com.lauraghiorghisor.UNo.MyAppTests;
				PRODUCT_NAME = "$(TARGET_NAME)";
				SWIFT_VERSION = 5.0;
				TARGETED_DEVICE_FAMILY = "1,2";
				TEST_HOST = "$(BUILT_PRODUCTS_DIR)/MyApp.app/MyApp";
			};
			name = Release;
		};
		D3CA95C224F05A820096B64A /* Debug */ = {
			isa = XCBuildConfiguration;
			baseConfigurationReference = 8C6CFBAD374833A8D5DF79B5 /* Pods-MyApp-MyAppUITests.debug.xcconfig */;
			buildSettings = {
				ALWAYS_EMBED_SWIFT_STANDARD_LIBRARIES = "$(inherited)";
				CODE_SIGN_STYLE = Automatic;
				DEVELOPMENT_TEAM = 5Z3L7XJ54X;
				INFOPLIST_FILE = MyAppUITests/Info.plist;
				LD_RUNPATH_SEARCH_PATHS = (
					"$(inherited)",
					"@executable_path/Frameworks",
					"@loader_path/Frameworks",
				);
				PRODUCT_BUNDLE_IDENTIFIER = com.lauraghiorghisor.UNo.MyAppUITests;
				PRODUCT_NAME = "$(TARGET_NAME)";
				SWIFT_VERSION = 5.0;
				TARGETED_DEVICE_FAMILY = "1,2";
				TEST_TARGET_NAME = MyApp;
			};
			name = Debug;
		};
		D3CA95C324F05A820096B64A /* Release */ = {
			isa = XCBuildConfiguration;
			baseConfigurationReference = 7DB3FBF1D80C18986BFC082C /* Pods-MyApp-MyAppUITests.release.xcconfig */;
			buildSettings = {
				ALWAYS_EMBED_SWIFT_STANDARD_LIBRARIES = "$(inherited)";
				CODE_SIGN_STYLE = Automatic;
				DEVELOPMENT_TEAM = 5Z3L7XJ54X;
				INFOPLIST_FILE = MyAppUITests/Info.plist;
				LD_RUNPATH_SEARCH_PATHS = (
					"$(inherited)",
					"@executable_path/Frameworks",
					"@loader_path/Frameworks",
				);
				PRODUCT_BUNDLE_IDENTIFIER = com.lauraghiorghisor.UNo.MyAppUITests;
				PRODUCT_NAME = "$(TARGET_NAME)";
				SWIFT_VERSION = 5.0;
				TARGETED_DEVICE_FAMILY = "1,2";
				TEST_TARGET_NAME = MyApp;
			};
			name = Release;
		};
/* End XCBuildConfiguration section */

/* Begin XCConfigurationList section */
		D3CA958724F05A7E0096B64A /* Build configuration list for PBXProject "WANDERLUST" */ = {
			isa = XCConfigurationList;
			buildConfigurations = (
				D3CA95B924F05A820096B64A /* Debug */,
				D3CA95BA24F05A820096B64A /* Release */,
			);
			defaultConfigurationIsVisible = 0;
			defaultConfigurationName = Release;
		};
		D3CA95BB24F05A820096B64A /* Build configuration list for PBXNativeTarget "MyApp" */ = {
			isa = XCConfigurationList;
			buildConfigurations = (
				D3CA95BC24F05A820096B64A /* Debug */,
				D3CA95BD24F05A820096B64A /* Release */,
			);
			defaultConfigurationIsVisible = 0;
			defaultConfigurationName = Release;
		};
		D3CA95BE24F05A820096B64A /* Build configuration list for PBXNativeTarget "MyAppTests" */ = {
			isa = XCConfigurationList;
			buildConfigurations = (
				D3CA95BF24F05A820096B64A /* Debug */,
				D3CA95C024F05A820096B64A /* Release */,
			);
			defaultConfigurationIsVisible = 0;
			defaultConfigurationName = Release;
		};
		D3CA95C124F05A820096B64A /* Build configuration list for PBXNativeTarget "MyAppUITests" */ = {
			isa = XCConfigurationList;
			buildConfigurations = (
				D3CA95C224F05A820096B64A /* Debug */,
				D3CA95C324F05A820096B64A /* Release */,
			);
			defaultConfigurationIsVisible = 0;
			defaultConfigurationName = Release;
		};
/* End XCConfigurationList section */

/* Begin XCVersionGroup section */
		D3CA959A24F05A7E0096B64A /* MyApp.xcdatamodeld */ = {
			isa = XCVersionGroup;
			children = (
				D3CA959B24F05A7E0096B64A /* MyApp.xcdatamodel */,
			);
			currentVersion = D3CA959B24F05A7E0096B64A /* MyApp.xcdatamodel */;
			path = MyApp.xcdatamodeld;
			sourceTree = "<group>";
			versionGroupType = wrapper.xcdatamodel;
		};
/* End XCVersionGroup section */
	};
	rootObject = D3CA958424F05A7D0096B64A /* Project object */;
}
